{
  "name": "generate-invite-code",
  "version": "1.0.0",
  "lockfileVersion": 3,
  "requires": true,
  "packages": {
    "": {
      "name": "generate-invite-code",
      "version": "1.0.0",
      "license": "MIT",
      "dependencies": {
        "@dcloudio/uni-cloud": "latest"
      }
    },
    "node_modules/@dcloudio/uni-cloud": {
      "version": "3.0.0-alpha-3000020210521002",
      "resolved": "https://registry.npmmirror.com/@dcloudio/uni-cloud/-/uni-cloud-3.0.0-alpha-3000020210521002.tgz",
      "integrity": "sha512-E7atnW9UHRmgMKbTITPBGEh4n5ETml5RO5BHP4GHA+sRWb6rMQOrHhQXjs1cgwvWiU9/HKFLb8Hq6HZ5Vszl/g=="
    }
  }
}
